{
  "nodes": {
    "nixpkgs": {
      "locked": {
        "lastModified": 1789542786,
        "narHash": "sha256-ajQuqcxnj6RYnwCjA/9FTCnrdR2+BDzstE8UembXf60=",
        "owner": "NixOS",
        "repo": "nixpkgs",
        "rev": "4c7870105e7f1fdf9c48688c8d7efc21abf0688a",
        "type": "github"
      },
      "original": {
        "owner": "NixOS",
        "ref": "nixos-26.05",
        "repo": "nixpkgs",
        "type": "github"
      }
    },
    "root": {
      "inputs": {
        "nixpkgs": "nixpkgs",
        "yunshu-nix": "yunshu-nix"
      }
    },
    "yunshu-nix": {
      "inputs": {
        "nixpkgs": [
          "nixpkgs"
        ]
      },
      "locked": {
        "lastModified": 1789716711,
        "narHash": "sha256-ISrUjdakGuk2v56NGkmrWjmVrUZDKbR/QPgpOooD11w=",
        "ref": "refs/heads/main",
        "rev": "337ad79bb7013a2ebd6470e7eaee549ddb5bf953",
        "revCount": 30,
        "type": "git",
        "url": "https://github.com/allenmagic/yunshu-nix"
      },
      "original": {
        "type": "git",
        "url": "https://github.com/allenmagic/yunshu-nix"
      }
    }
  },
  "root": "root",
  "version": 7
}
